
Microsoft Visual Studio Solution File, Format Version 12.00
# Visual Studio Version 17
VisualStudioVersion = 17.8.34330.188
MinimumVisualStudioVersion = 10.0.40219.1
Project("{9A19103F-16F7-4668-BE54-9A1E7A4F7556}") = "DemoDocker", "DemoDocker\DemoDocker.csproj", "{9BE06E84-A11D-41FF-A103-1382DAF48719}"
EndProject
Global
	GlobalSection(SolutionConfigurationPlatforms) = preSolution
		Debug|Any CPU = Debug|Any CPU
		Release|Any CPU = Release|Any CPU
	EndGlobalSection
	GlobalSection(ProjectConfigurationPlatforms) = postSolution
		{9BE06E84-A11D-41FF-A103-1382DAF48719}.Debug|Any CPU.ActiveCfg = Debug|Any CPU
		{9BE06E84-A11D-41FF-A103-1382DAF48719}.Debug|Any CPU.Build.0 = Debug|Any CPU
		{9BE06E84-A11D-41FF-A103-1382DAF48719}.Release|Any CPU.ActiveCfg = Release|Any CPU
		{9BE06E84-A11D-41FF-A103-1382DAF48719}.Release|Any CPU.Build.0 = Release|Any CPU
	EndGlobalSection
	GlobalSection(SolutionProperties) = preSolution
		HideSolutionNode = FALSE
	EndGlobalSection
	GlobalSection(ExtensibilityGlobals) = postSolution
		SolutionGuid = {ECADCF8B-AD53-4F63-9B39-483512FBB0D3}
	EndGlobalSection
EndGlobal
